
Microsoft Visual Studio Solution File, Format Version 12.00
# Visual Studio Version 17
VisualStudioVersion = 17.11.35103.136
MinimumVisualStudioVersion = 10.0.40219.1
Project("{FAE04EC0-301F-11D3-BF4B-00C04F79EFBC}") = "StringLocalizerAndResources", "StringLocalizerAndResources.csproj", "{5E425F97-B698-4D0C-80C5-DF3B20B01844}"
EndProject
Global
	GlobalSection(SolutionConfigurationPlatforms) = preSolution
		Debug|Any CPU = Debug|Any CPU
		Release|Any CPU = Release|Any CPU
	EndGlobalSection
	GlobalSection(ProjectConfigurationPlatforms) = postSolution
		{5E425F97-B698-4D0C-80C5-DF3B20B01844}.Debug|Any CPU.ActiveCfg = Debug|Any CPU
		{5E425F97-B698-4D0C-80C5-DF3B20B01844}.Debug|Any CPU.Build.0 = Debug|Any CPU
		{5E425F97-B698-4D0C-80C5-DF3B20B01844}.Release|Any CPU.ActiveCfg = Release|Any CPU
		{5E425F97-B698-4D0C-80C5-DF3B20B01844}.Release|Any CPU.Build.0 = Release|Any CPU
	EndGlobalSection
	GlobalSection(SolutionProperties) = preSolution
		HideSolutionNode = FALSE
	EndGlobalSection
	GlobalSection(ExtensibilityGlobals) = postSolution
		SolutionGuid = {5D9DF32F-8937-481D-BD1C-E06104E838C2}
	EndGlobalSection
EndGlobal
